// !$*UTF8*$!
{
	archiveVersion = 1;
	classes = {
	};
	objectVersion = 46;
	objects = {

/* Begin PBXBuildFile section */
		CF51ACC61C33D68500A92A88 /* AppDelegate.swift in Sources */ = {isa = PBXBuildFile; fileRef = CF51ACC51C33D68500A92A88 /* AppDelegate.swift */; };
		CF51ACC81C33D68500A92A88 /* ViewController.swift in Sources */ = {isa = PBXBuildFile; fileRef = CF51ACC71C33D68500A92A88 /* ViewController.swift */; };
		CF51ACCB1C33D68500A92A88 /* Main.storyboard in Resources */ = {isa = PBXBuildFile; fileRef = CF51ACC91C33D68500A92A88 /* Main.storyboard */; };
		CF51ACCD1C33D68500A92A88 /* Assets.xcassets in Resources */ = {isa = PBXBuildFile; fileRef = CF51ACCC1C33D68500A92A88 /* Assets.xcassets */; };
		CF51ACD01C33D68500A92A88 /* LaunchScreen.storyboard in Resources */ = {isa = PBXBuildFile; fileRef = CF51ACCE1C33D68500A92A88 /* LaunchScreen.storyboard */; };
		CF51ACDB1C33D68500A92A88 /* Secure_Sign_InTests.swift in Sources */ = {isa = PBXBuildFile; fileRef = CF51ACDA1C33D68500A92A88 /* Secure_Sign_InTests.swift */; };
		CF51ACE61C33D68500A92A88 /* Secure_Sign_InUITests.swift in Sources */ = {isa = PBXBuildFile; fileRef = CF51ACE51C33D68500A92A88 /* Secure_Sign_InUITests.swift */; };
		CFA4CCC91C33E9B10007BB6E /* OSDOutput.swift in Sources */ = {isa = PBXBuildFile; fileRef = CFA4CCC71C33E9B10007BB6E /* OSDOutput.swift */; };
		CFA4CCCA1C33E9B10007BB6E /* OSDOutput.xib in Resources */ = {isa = PBXBuildFile; fileRef = CFA4CCC81C33E9B10007BB6E /* OSDOutput.xib */; };
		CFE5342B1D743DEF00D06D2D /* cryogen_blue_portrait_light_theme.png in Resources */ = {isa = PBXBuildFile; fileRef = CFE5342A1D743DEF00D06D2D /* cryogen_blue_portrait_light_theme.png */; };
		CFE5342F1D743E6300D06D2D /* cryogen_blue_portrait_dark_theme.png in Resources */ = {isa = PBXBuildFile; fileRef = CFE5342E1D743E6300D06D2D /* cryogen_blue_portrait_dark_theme.png */; };
		CFE534311D7443DB00D06D2D /* cryogen_blue_landscape_dark_theme.png in Resources */ = {isa = PBXBuildFile; fileRef = CFE534301D7443DB00D06D2D /* cryogen_blue_landscape_dark_theme.png */; };
/* End PBXBuildFile section */

/* Begin PBXContainerItemProxy section */
		CF51ACD71C33D68500A92A88 /* PBXContainerItemProxy */ = {
			isa = PBXContainerItemProxy;
			containerPortal = CF51ACBA1C33D68500A92A88 /* Project object */;
			proxyType = 1;
			remoteGlobalIDString = CF51ACC11C33D68500A92A88;
			remoteInfo = "Secure Sign In";
		};
		CF51ACE21C33D68500A92A88 /* PBXContainerItemProxy */ = {
			isa = PBXContainerItemProxy;
			containerPortal = CF51ACBA1C33D68500A92A88 /* Project object */;
			proxyType = 1;
			remoteGlobalIDString = CF51ACC11C33D68500A92A88;
			remoteInfo = "Secure Sign In";
		};
/* End PBXContainerItemProxy section */

/* Begin PBXFileReference section */
		CF51ACC21C33D68500A92A88 /* Secure Sign In.app */ = {isa = PBXFileReference; explicitFileType = wrapper.application; includeInIndex = 0; path = "Secure Sign In.app"; sourceTree = BUILT_PRODUCTS_DIR; };
		CF51ACC51C33D68500A92A88 /* AppDelegate.swift */ = {isa = PBXFileReference; lastKnownFileType = sourcecode.swift; path = AppDelegate.swift; sourceTree = "<group>"; };
		CF51ACC71C33D68500A92A88 /* ViewController.swift */ = {isa = PBXFileReference; lastKnownFileType = sourcecode.swift; path = ViewController.swift; sourceTree = "<group>"; };
		CF51ACCA1C33D68500A92A88 /* Base */ = {isa = PBXFileReference; lastKnownFileType = file.storyboard; name = Base; path = Base.lproj/Main.storyboard; sourceTree = "<group>"; };
		CF51ACCC1C33D68500A92A88 /* Assets.xcassets */ = {isa = PBXFileReference; lastKnownFileType = folder.assetcatalog; path = Assets.xcassets; sourceTree = "<group>"; };
		CF51ACCF1C33D68500A92A88 /* Base */ = {isa = PBXFileReference; lastKnownFileType = file.storyboard; name = Base; path = Base.lproj/LaunchScreen.storyboard; sourceTree = "<group>"; };
		CF51ACD11C33D68500A92A88 /* Info.plist */ = {isa = PBXFileReference; lastKnownFileType = text.plist.xml; path = Info.plist; sourceTree = "<group>"; };
		CF51ACD61C33D68500A92A88 /* Secure Sign InTests.xctest */ = {isa = PBXFileReference; explicitFileType = wrapper.cfbundle; includeInIndex = 0; path = "Secure Sign InTests.xctest"; sourceTree = BUILT_PRODUCTS_DIR; };
		CF51ACDA1C33D68500A92A88 /* Secure_Sign_InTests.swift */ = {isa = PBXFileReference; lastKnownFileType = sourcecode.swift; path = Secure_Sign_InTests.swift; sourceTree = "<group>"; };
		CF51ACDC1C33D68500A92A88 /* Info.plist */ = {isa = PBXFileReference; lastKnownFileType = text.plist.xml; path = Info.plist; sourceTree = "<group>"; };
		CF51ACE11C33D68500A92A88 /* Secure Sign InUITests.xctest */ = {isa = PBXFileReference; explicitFileType = wrapper.cfbundle; includeInIndex = 0; path = "Secure Sign InUITests.xctest"; sourceTree = BUILT_PRODUCTS_DIR; };
		CF51ACE51C33D68500A92A88 /* Secure_Sign_InUITests.swift */ = {isa = PBXFileReference; lastKnownFileType = sourcecode.swift; path = Secure_Sign_InUITests.swift; sourceTree = "<group>"; };
		CF51ACE71C33D68500A92A88 /* Info.plist */ = {isa = PBXFileReference; lastKnownFileType = text.plist.xml; path = Info.plist; sourceTree = "<group>"; };
		CFA4CCC71C33E9B10007BB6E /* OSDOutput.swift */ = {isa = PBXFileReference; fileEncoding = 4; lastKnownFileType = sourcecode.swift; path = OSDOutput.swift; sourceTree = "<group>"; };
		CFA4CCC81C33E9B10007BB6E /* OSDOutput.xib */ = {isa = PBXFileReference; fileEncoding = 4; lastKnownFileType = file.xib; path = OSDOutput.xib; sourceTree = "<group>"; };
		CFE5342A1D743DEF00D06D2D /* cryogen_blue_portrait_light_theme.png */ = {isa = PBXFileReference; lastKnownFileType = image.png; name = cryogen_blue_portrait_light_theme.png; path = CryogenSoftware/cryogen_blue_portrait_light_theme.png; sourceTree = "<group>"; };
		CFE5342E1D743E6300D06D2D /* cryogen_blue_portrait_dark_theme.png */ = {isa = PBXFileReference; lastKnownFileType = image.png; name = cryogen_blue_portrait_dark_theme.png; path = CryogenSoftware/cryogen_blue_portrait_dark_theme.png; sourceTree = "<group>"; };
		CFE534301D7443DB00D06D2D /* cryogen_blue_landscape_dark_theme.png */ = {isa = PBXFileReference; lastKnownFileType = image.png; name = cryogen_blue_landscape_dark_theme.png; path = CryogenSoftware/cryogen_blue_landscape_dark_theme.png; sourceTree = "<group>"; };
/* End PBXFileReference section */

/* Begin PBXFrameworksBuildPhase section */
		CF51ACBF1C33D68500A92A88 /* Frameworks */ = {
			isa = PBXFrameworksBuildPhase;
			buildActionMask = 2147483647;
			files = (
			);
			runOnlyForDeploymentPostprocessing = 0;
		};
		CF51ACD31C33D68500A92A88 /* Frameworks */ = {
			isa = PBXFrameworksBuildPhase;
			buildActionMask = 2147483647;
			files = (
			);
			runOnlyForDeploymentPostprocessing = 0;
		};
		CF51ACDE1C33D68500A92A88 /* Frameworks */ = {
			isa = PBXFrameworksBuildPhase;
			buildActionMask = 2147483647;
			files = (
			);
			runOnlyForDeploymentPostprocessing = 0;
		};
/* End PBXFrameworksBuildPhase section */

/* Begin PBXGroup section */
		CF51ACB91C33D68500A92A88 = {
			isa = PBXGroup;
			children = (
				CF51ACC41C33D68500A92A88 /* Secure Sign In */,
				CF51ACD91C33D68500A92A88 /* Secure Sign InTests */,
				CF51ACE41C33D68500A92A88 /* Secure Sign InUITests */,
				CF51ACC31C33D68500A92A88 /* Products */,
			);
			sourceTree = "<group>";
		};
		CF51ACC31C33D68500A92A88 /* Products */ = {
			isa = PBXGroup;
			children = (
				CF51ACC21C33D68500A92A88 /* Secure Sign In.app */,
				CF51ACD61C33D68500A92A88 /* Secure Sign InTests.xctest */,
				CF51ACE11C33D68500A92A88 /* Secure Sign InUITests.xctest */,
			);
			name = Products;
			sourceTree = "<group>";
		};
		CF51ACC41C33D68500A92A88 /* Secure Sign In */ = {
			isa = PBXGroup;
			children = (
				CF51ACC51C33D68500A92A88 /* AppDelegate.swift */,
				CF51ACC71C33D68500A92A88 /* ViewController.swift */,
				CF51ACC91C33D68500A92A88 /* Main.storyboard */,
				CFE534301D7443DB00D06D2D /* cryogen_blue_landscape_dark_theme.png */,
				CFE5342E1D743E6300D06D2D /* cryogen_blue_portrait_dark_theme.png */,
				CFE5342A1D743DEF00D06D2D /* cryogen_blue_portrait_light_theme.png */,
				CF51ACCC1C33D68500A92A88 /* Assets.xcassets */,
				CF51ACCE1C33D68500A92A88 /* LaunchScreen.storyboard */,
				CF51ACD11C33D68500A92A88 /* Info.plist */,
				CFA4CCC71C33E9B10007BB6E /* OSDOutput.swift */,
				CFA4CCC81C33E9B10007BB6E /* OSDOutput.xib */,
			);
			path = "Secure Sign In";
			sourceTree = "<group>";
		};
		CF51ACD91C33D68500A92A88 /* Secure Sign InTests */ = {
			isa = PBXGroup;
			children = (
				CF51ACDA1C33D68500A92A88 /* Secure_Sign_InTests.swift */,
				CF51ACDC1C33D68500A92A88 /* Info.plist */,
			);
			path = "Secure Sign InTests";
			sourceTree = "<group>";
		};
		CF51ACE41C33D68500A92A88 /* Secure Sign InUITests */ = {
			isa = PBXGroup;
			children = (
				CF51ACE51C33D68500A92A88 /* Secure_Sign_InUITests.swift */,
				CF51ACE71C33D68500A92A88 /* Info.plist */,
			);
			path = "Secure Sign InUITests";
			sourceTree = "<group>";
		};
/* End PBXGroup section */

/* Begin PBXNativeTarget section */
		CF51ACC11C33D68500A92A88 /* Secure Sign In */ = {
			isa = PBXNativeTarget;
			buildConfigurationList = CF51ACEA1C33D68500A92A88 /* Build configuration list for PBXNativeTarget "Secure Sign In" */;
			buildPhases = (
				CF51ACBE1C33D68500A92A88 /* Sources */,
				CF51ACBF1C33D68500A92A88 /* Frameworks */,
				CF51ACC01C33D68500A92A88 /* Resources */,
			);
			buildRules = (
			);
			dependencies = (
			);
			name = "Secure Sign In";
			productName = "Secure Sign In";
			productReference = CF51ACC21C33D68500A92A88 /* Secure Sign In.app */;
			productType = "com.apple.product-type.application";
		};
		CF51ACD51C33D68500A92A88 /* Secure Sign InTests */ = {
			isa = PBXNativeTarget;
			buildConfigurationList = CF51ACED1C33D68500A92A88 /* Build configuration list for PBXNativeTarget "Secure Sign InTests" */;
			buildPhases = (
				CF51ACD21C33D68500A92A88 /* Sources */,
				CF51ACD31C33D68500A92A88 /* Frameworks */,
				CF51ACD41C33D68500A92A88 /* Resources */,
			);
			buildRules = (
			);
			dependencies = (
				CF51ACD81C33D68500A92A88 /* PBXTargetDependency */,
			);
			name = "Secure Sign InTests";
			productName = "Secure Sign InTests";
			productReference = CF51ACD61C33D68500A92A88 /* Secure Sign InTests.xctest */;
			productType = "com.apple.product-type.bundle.unit-test";
		};
		CF51ACE01C33D68500A92A88 /* Secure Sign InUITests */ = {
			isa = PBXNativeTarget;
			buildConfigurationList = CF51ACF01C33D68500A92A88 /* Build configuration list for PBXNativeTarget "Secure Sign InUITests" */;
			buildPhases = (
				CF51ACDD1C33D68500A92A88 /* Sources */,
				CF51ACDE1C33D68500A92A88 /* Frameworks */,
				CF51ACDF1C33D68500A92A88 /* Resources */,
			);
			buildRules = (
			);
			dependencies = (
				CF51ACE31C33D68500A92A88 /* PBXTargetDependency */,
			);
			name = "Secure Sign InUITests";
			productName = "Secure Sign InUITests";
			productReference = CF51ACE11C33D68500A92A88 /* Secure Sign InUITests.xctest */;
			productType = "com.apple.product-type.bundle.ui-testing";
		};
/* End PBXNativeTarget section */

/* Begin PBXProject section */
		CF51ACBA1C33D68500A92A88 /* Project object */ = {
			isa = PBXProject;
			attributes = {
				LastSwiftUpdateCheck = 0710;
				LastUpgradeCheck = 0710;
				ORGANIZATIONNAME = "Cryon Software";
				TargetAttributes = {
					CF51ACC11C33D68500A92A88 = {
						CreatedOnToolsVersion = 7.1.1;
						DevelopmentTeam = ABVA4L8Z5G;
					};
					CF51ACD51C33D68500A92A88 = {
						CreatedOnToolsVersion = 7.1.1;
						DevelopmentTeam = ABVA4L8Z5G;
						TestTargetID = CF51ACC11C33D68500A92A88;
					};
					CF51ACE01C33D68500A92A88 = {
						CreatedOnToolsVersion = 7.1.1;
						DevelopmentTeam = ABVA4L8Z5G;
						TestTargetID = CF51ACC11C33D68500A92A88;
					};
				};
			};
			buildConfigurationList = CF51ACBD1C33D68500A92A88 /* Build configuration list for PBXProject "Secure Sign In" */;
			compatibilityVersion = "Xcode 3.2";
			developmentRegion = English;
			hasScannedForEncodings = 0;
			knownRegions = (
				en,
				Base,
			);
			mainGroup = CF51ACB91C33D68500A92A88;
			productRefGroup = CF51ACC31C33D68500A92A88 /* Products */;
			projectDirPath = "";
			projectRoot = "";
			targets = (
				CF51ACC11C33D68500A92A88 /* Secure Sign In */,
				CF51ACD51C33D68500A92A88 /* Secure Sign InTests */,
				CF51ACE01C33D68500A92A88 /* Secure Sign InUITests */,
			);
		};
/* End PBXProject section */

/* Begin PBXResourcesBuildPhase section */
		CF51ACC01C33D68500A92A88 /* Resources */ = {
			isa = PBXResourcesBuildPhase;
			buildActionMask = 2147483647;
			files = (
				CF51ACD01C33D68500A92A88 /* LaunchScreen.storyboard in Resources */,
				CFE5342B1D743DEF00D06D2D /* cryogen_blue_portrait_light_theme.png in Resources */,
				CFE5342F1D743E6300D06D2D /* cryogen_blue_portrait_dark_theme.png in Resources */,
				CFA4CCCA1C33E9B10007BB6E /* OSDOutput.xib in Resources */,
				CF51ACCD1C33D68500A92A88 /* Assets.xcassets in Resources */,
				CF51ACCB1C33D68500A92A88 /* Main.storyboard in Resources */,
				CFE534311D7443DB00D06D2D /* cryogen_blue_landscape_dark_theme.png in Resources */,
			);
			runOnlyForDeploymentPostprocessing = 0;
		};
		CF51ACD41C33D68500A92A88 /* Resources */ = {
			isa = PBXResourcesBuildPhase;
			buildActionMask = 2147483647;
			files = (
			);
			runOnlyForDeploymentPostprocessing = 0;
		};
		CF51ACDF1C33D68500A92A88 /* Resources */ = {
			isa = PBXResourcesBuildPhase;
			buildActionMask = 2147483647;
			files = (
			);
			runOnlyForDeploymentPostprocessing = 0;
		};
/* End PBXResourcesBuildPhase section */

/* Begin PBXSourcesBuildPhase section */
		CF51ACBE1C33D68500A92A88 /* Sources */ = {
			isa = PBXSourcesBuildPhase;
			buildActionMask = 2147483647;
			files = (
				CF51ACC81C33D68500A92A88 /* ViewController.swift in Sources */,
				CFA4CCC91C33E9B10007BB6E /* OSDOutput.swift in Sources */,
				CF51ACC61C33D68500A92A88 /* AppDelegate.swift in Sources */,
			);
			runOnlyForDeploymentPostprocessing = 0;
		};
		CF51ACD21C33D68500A92A88 /* Sources */ = {
			isa = PBXSourcesBuildPhase;
			buildActionMask = 2147483647;
			files = (
				CF51ACDB1C33D68500A92A88 /* Secure_Sign_InTests.swift in Sources */,
			);
			runOnlyForDeploymentPostprocessing = 0;
		};
		CF51ACDD1C33D68500A92A88 /* Sources */ = {
			isa = PBXSourcesBuildPhase;
			buildActionMask = 2147483647;
			files = (
				CF51ACE61C33D68500A92A88 /* Secure_Sign_InUITests.swift in Sources */,
			);
			runOnlyForDeploymentPostprocessing = 0;
		};
/* End PBXSourcesBuildPhase section */

/* Begin PBXTargetDependency section */
		CF51ACD81C33D68500A92A88 /* PBXTargetDependency */ = {
			isa = PBXTargetDependency;
			target = CF51ACC11C33D68500A92A88 /* Secure Sign In */;
			targetProxy = CF51ACD71C33D68500A92A88 /* PBXContainerItemProxy */;
		};
		CF51ACE31C33D68500A92A88 /* PBXTargetDependency */ = {
			isa = PBXTargetDependency;
			target = CF51ACC11C33D68500A92A88 /* Secure Sign In */;
			targetProxy = CF51ACE21C33D68500A92A88 /* PBXContainerItemProxy */;
		};
/* End PBXTargetDependency section */

/* Begin PBXVariantGroup section */
		CF51ACC91C33D68500A92A88 /* Main.storyboard */ = {
			isa = PBXVariantGroup;
			children = (
				CF51ACCA1C33D68500A92A88 /* Base */,
			);
			name = Main.storyboard;
			sourceTree = "<group>";
		};
		CF51ACCE1C33D68500A92A88 /* LaunchScreen.storyboard */ = {
			isa = PBXVariantGroup;
			children = (
				CF51ACCF1C33D68500A92A88 /* Base */,
			);
			name = LaunchScreen.storyboard;
			sourceTree = "<group>";
		};
/* End PBXVariantGroup section */

/* Begin XCBuildConfiguration section */
		CF51ACE81C33D68500A92A88 /* Debug */ = {
			isa = XCBuildConfiguration;
			buildSettings = {
				ALWAYS_SEARCH_USER_PATHS = NO;
				CLANG_CXX_LANGUAGE_STANDARD = "gnu++0x";
				CLANG_CXX_LIBRARY = "libc++";
				CLANG_ENABLE_MODULES = YES;
				CLANG_ENABLE_OBJC_ARC = YES;
				CLANG_WARN_BOOL_CONVERSION = YES;
				CLANG_WARN_CONSTANT_CONVERSION = YES;
				CLANG_WARN_DIRECT_OBJC_ISA_USAGE = YES_ERROR;
				CLANG_WARN_EMPTY_BODY = YES;
				CLANG_WARN_ENUM_CONVERSION = YES;
				CLANG_WARN_INT_CONVERSION = YES;
				CLANG_WARN_OBJC_ROOT_CLASS = YES_ERROR;
				CLANG_WARN_UNREACHABLE_CODE = YES;
				CLANG_WARN__DUPLICATE_METHOD_MATCH = YES;
				"CODE_SIGN_IDENTITY[sdk=iphoneos*]" = "iPhone Developer";
				COPY_PHASE_STRIP = NO;
				DEBUG_INFORMATION_FORMAT = dwarf;
				ENABLE_STRICT_OBJC_MSGSEND = YES;
				ENABLE_TESTABILITY = YES;
				GCC_C_LANGUAGE_STANDARD = gnu99;
				GCC_DYNAMIC_NO_PIC = NO;
				GCC_NO_COMMON_BLOCKS = YES;
				GCC_OPTIMIZATION_LEVEL = 0;
				GCC_PREPROCESSOR_DEFINITIONS = (
					"DEBUG=1",
					"$(inherited)",
				);
				GCC_WARN_64_TO_32_BIT_CONVERSION = YES;
				GCC_WARN_ABOUT_RETURN_TYPE = YES_ERROR;
				GCC_WARN_UNDECLARED_SELECTOR = YES;
				GCC_WARN_UNINITIALIZED_AUTOS = YES_AGGRESSIVE;
				GCC_WARN_UNUSED_FUNCTION = YES;
				GCC_WARN_UNUSED_VARIABLE = YES;
				IPHONEOS_DEPLOYMENT_TARGET = 9.1;
				MTL_ENABLE_DEBUG_INFO = YES;
				ONLY_ACTIVE_ARCH = YES;
				SDKROOT = iphoneos;
				SWIFT_OPTIMIZATION_LEVEL = "-Onone";
			};
			name = Debug;
		};
		CF51ACE91C33D68500A92A88 /* Release */ = {
			isa = XCBuildConfiguration;
			buildSettings = {
				ALWAYS_SEARCH_USER_PATHS = NO;
				CLANG_CXX_LANGUAGE_STANDARD = "gnu++0x";
				CLANG_CXX_LIBRARY = "libc++";
				CLANG_ENABLE_MODULES = YES;
				CLANG_ENABLE_OBJC_ARC = YES;
				CLANG_WARN_BOOL_CONVERSION = YES;
				CLANG_WARN_CONSTANT_CONVERSION = YES;
				CLANG_WARN_DIRECT_OBJC_ISA_USAGE = YES_ERROR;
				CLANG_WARN_EMPTY_BODY = YES;
				CLANG_WARN_ENUM_CONVERSION = YES;
				CLANG_WARN_INT_CONVERSION = YES;
				CLANG_WARN_OBJC_ROOT_CLASS = YES_ERROR;
				CLANG_WARN_UNREACHABLE_CODE = YES;
				CLANG_WARN__DUPLICATE_METHOD_MATCH = YES;
				"CODE_SIGN_IDENTITY[sdk=iphoneos*]" = "iPhone Developer";
				COPY_PHASE_STRIP = NO;
				DEBUG_INFORMATION_FORMAT = "dwarf-with-dsym";
				ENABLE_NS_ASSERTIONS = NO;
				ENABLE_STRICT_OBJC_MSGSEND = YES;
				GCC_C_LANGUAGE_STANDARD = gnu99;
				GCC_NO_COMMON_BLOCKS = YES;
				GCC_WARN_64_TO_32_BIT_CONVERSION = YES;
				GCC_WARN_ABOUT_RETURN_TYPE = YES_ERROR;
				GCC_WARN_UNDECLARED_SELECTOR = YES;
				GCC_WARN_UNINITIALIZED_AUTOS = YES_AGGRESSIVE;
				GCC_WARN_UNUSED_FUNCTION = YES;
				GCC_WARN_UNUSED_VARIABLE = YES;
				IPHONEOS_DEPLOYMENT_TARGET = 9.1;
				MTL_ENABLE_DEBUG_INFO = NO;
				SDKROOT = iphoneos;
				VALIDATE_PRODUCT = YES;
			};
			name = Release;
		};
		CF51ACEB1C33D68500A92A88 /* Debug */ = {
			isa = XCBuildConfiguration;
			buildSettings = {
				ASSETCATALOG_COMPILER_APPICON_NAME = AppIcon;
				CODE_SIGN_IDENTITY = "iPhone Developer";
				"CODE_SIGN_IDENTITY[sdk=iphoneos*]" = "iPhone Developer";
				INFOPLIST_FILE = "Secure Sign In/Info.plist";
				LD_RUNPATH_SEARCH_PATHS = "$(inherited) @executable_path/Frameworks";
				PRODUCT_BUNDLE_IDENTIFIER = "Cryogen.Secure-Sign-In";
				PRODUCT_NAME = "$(TARGET_NAME)";
				PROVISIONING_PROFILE = "";
				TARGETED_DEVICE_FAMILY = 2;
			};
			name = Debug;
		};
		CF51ACEC1C33D68500A92A88 /* Release */ = {
			isa = XCBuildConfiguration;
			buildSettings = {
				ASSETCATALOG_COMPILER_APPICON_NAME = AppIcon;
				CODE_SIGN_IDENTITY = "iPhone Developer";
				"CODE_SIGN_IDENTITY[sdk=iphoneos*]" = "iPhone Developer";
				INFOPLIST_FILE = "Secure Sign In/Info.plist";
				LD_RUNPATH_SEARCH_PATHS = "$(inherited) @executable_path/Frameworks";
				PRODUCT_BUNDLE_IDENTIFIER = "Cryogen.Secure-Sign-In";
				PRODUCT_NAME = "$(TARGET_NAME)";
				PROVISIONING_PROFILE = "";
				TARGETED_DEVICE_FAMILY = 2;
			};
			name = Release;
		};
		CF51ACEE1C33D68500A92A88 /* Debug */ = {
			isa = XCBuildConfiguration;
			buildSettings = {
				BUNDLE_LOADER = "$(TEST_HOST)";
				INFOPLIST_FILE = "Secure Sign InTests/Info.plist";
				LD_RUNPATH_SEARCH_PATHS = "$(inherited) @executable_path/Frameworks @loader_path/Frameworks";
				PRODUCT_BUNDLE_IDENTIFIER = "Cryon.Secure-Sign-InTests";
				PRODUCT_NAME = "$(TARGET_NAME)";
				TEST_HOST = "$(BUILT_PRODUCTS_DIR)/Secure Sign In.app/Secure Sign In";
			};
			name = Debug;
		};
		CF51ACEF1C33D68500A92A88 /* Release */ = {
			isa = XCBuildConfiguration;
			buildSettings = {
				BUNDLE_LOADER = "$(TEST_HOST)";
				INFOPLIST_FILE = "Secure Sign InTests/Info.plist";
				LD_RUNPATH_SEARCH_PATHS = "$(inherited) @executable_path/Frameworks @loader_path/Frameworks";
				PRODUCT_BUNDLE_IDENTIFIER = "Cryon.Secure-Sign-InTests";
				PRODUCT_NAME = "$(TARGET_NAME)";
				TEST_HOST = "$(BUILT_PRODUCTS_DIR)/Secure Sign In.app/Secure Sign In";
			};
			name = Release;
		};
		CF51ACF11C33D68500A92A88 /* Debug */ = {
			isa = XCBuildConfiguration;
			buildSettings = {
				INFOPLIST_FILE = "Secure Sign InUITests/Info.plist";
				LD_RUNPATH_SEARCH_PATHS = "$(inherited) @executable_path/Frameworks @loader_path/Frameworks";
				PRODUCT_BUNDLE_IDENTIFIER = "Cryon.Secure-Sign-InUITests";
				PRODUCT_NAME = "$(TARGET_NAME)";
				TEST_TARGET_NAME = "Secure Sign In";
				USES_XCTRUNNER = YES;
			};
			name = Debug;
		};
		CF51ACF21C33D68500A92A88 /* Release */ = {
			isa = XCBuildConfiguration;
			buildSettings = {
				INFOPLIST_FILE = "Secure Sign InUITests/Info.plist";
				LD_RUNPATH_SEARCH_PATHS = "$(inherited) @executable_path/Frameworks @loader_path/Frameworks";
				PRODUCT_BUNDLE_IDENTIFIER = "Cryon.Secure-Sign-InUITests";
				PRODUCT_NAME = "$(TARGET_NAME)";
				TEST_TARGET_NAME = "Secure Sign In";
				USES_XCTRUNNER = YES;
			};
			name = Release;
		};
/* End XCBuildConfiguration section */

/* Begin XCConfigurationList section */
		CF51ACBD1C33D68500A92A88 /* Build configuration list for PBXProject "Secure Sign In" */ = {
			isa = XCConfigurationList;
			buildConfigurations = (
				CF51ACE81C33D68500A92A88 /* Debug */,
				CF51ACE91C33D68500A92A88 /* Release */,
			);
			defaultConfigurationIsVisible = 0;
			defaultConfigurationName = Release;
		};
		CF51ACEA1C33D68500A92A88 /* Build configuration list for PBXNativeTarget "Secure Sign In" */ = {
			isa = XCConfigurationList;
			buildConfigurations = (
				CF51ACEB1C33D68500A92A88 /* Debug */,
				CF51ACEC1C33D68500A92A88 /* Release */,
			);
			defaultConfigurationIsVisible = 0;
			defaultConfigurationName = Release;
		};
		CF51ACED1C33D68500A92A88 /* Build configuration list for PBXNativeTarget "Secure Sign InTests" */ = {
			isa = XCConfigurationList;
			buildConfigurations = (
				CF51ACEE1C33D68500A92A88 /* Debug */,
				CF51ACEF1C33D68500A92A88 /* Release */,
			);
			defaultConfigurationIsVisible = 0;
			defaultConfigurationName = Release;
		};
		CF51ACF01C33D68500A92A88 /* Build configuration list for PBXNativeTarget "Secure Sign InUITests" */ = {
			isa = XCConfigurationList;
			buildConfigurations = (
				CF51ACF11C33D68500A92A88 /* Debug */,
				CF51ACF21C33D68500A92A88 /* Release */,
			);
			defaultConfigurationIsVisible = 0;
			defaultConfigurationName = Release;
		};
/* End XCConfigurationList section */
	};
	rootObject = CF51ACBA1C33D68500A92A88 /* Project object */;
}
